// !$*UTF8*$!
{
	archiveVersion = 1;
	classes = {
	};
	objectVersion = 55;
	objects = {

/* Begin PBXBuildFile section */
		BD6445D5281ECE5E008E7EC0 /* AppDelegate.swift in Sources */ = {isa = PBXBuildFile; fileRef = BD6445D4281ECE5E008E7EC0 /* AppDelegate.swift */; };
		BD6445D7281ECE5E008E7EC0 /* SceneDelegate.swift in Sources */ = {isa = PBXBuildFile; fileRef = BD6445D6281ECE5E008E7EC0 /* SceneDelegate.swift */; };
		BD6445D9281ECE5E008E7EC0 /* ViewController.swift in Sources */ = {isa = PBXBuildFile; fileRef = BD6445D8281ECE5E008E7EC0 /* ViewController.swift */; };
		BD6445DC281ECE5E008E7EC0 /* Main.storyboard in Resources */ = {isa = PBXBuildFile; fileRef = BD6445DA281ECE5E008E7EC0 /* Main.storyboard */; };
		BD6445DE281ECE5F008E7EC0 /* Assets.xcassets in Resources */ = {isa = PBXBuildFile; fileRef = BD6445DD281ECE5F008E7EC0 /* Assets.xcassets */; };
		BD6445E1281ECE5F008E7EC0 /* LaunchScreen.storyboard in Resources */ = {isa = PBXBuildFile; fileRef = BD6445DF281ECE5F008E7EC0 /* LaunchScreen.storyboard */; };
		BD6445EA281ECE88008E7EC0 /* PersonMock.json in Resources */ = {isa = PBXBuildFile; fileRef = BD6445E9281ECE88008E7EC0 /* PersonMock.json */; };
		BD6445EC281ECEDB008E7EC0 /* PersonModel.swift in Sources */ = {isa = PBXBuildFile; fileRef = BD6445EB281ECEDB008E7EC0 /* PersonModel.swift */; };
		BD6445EE281ECF12008E7EC0 /* MockParser.swift in Sources */ = {isa = PBXBuildFile; fileRef = BD6445ED281ECF12008E7EC0 /* MockParser.swift */; };
		BD6445F2281ECF86008E7EC0 /* ScheduleMock.json in Resources */ = {isa = PBXBuildFile; fileRef = BD6445F1281ECF86008E7EC0 /* ScheduleMock.json */; };
		BD6445F4281ECFB7008E7EC0 /* ScheduleModel.swift in Sources */ = {isa = PBXBuildFile; fileRef = BD6445F3281ECFB7008E7EC0 /* ScheduleModel.swift */; };
/* End PBXBuildFile section */

/* Begin PBXFileReference section */
		BD6445D1281ECE5E008E7EC0 /* JSONMockingSample.app */ = {isa = PBXFileReference; explicitFileType = wrapper.application; includeInIndex = 0; path = JSONMockingSample.app; sourceTree = BUILT_PRODUCTS_DIR; };
		BD6445D4281ECE5E008E7EC0 /* AppDelegate.swift */ = {isa = PBXFileReference; lastKnownFileType = sourcecode.swift; path = AppDelegate.swift; sourceTree = "<group>"; };
		BD6445D6281ECE5E008E7EC0 /* SceneDelegate.swift */ = {isa = PBXFileReference; lastKnownFileType = sourcecode.swift; path = SceneDelegate.swift; sourceTree = "<group>"; };
		BD6445D8281ECE5E008E7EC0 /* ViewController.swift */ = {isa = PBXFileReference; lastKnownFileType = sourcecode.swift; path = ViewController.swift; sourceTree = "<group>"; };
		BD6445DB281ECE5E008E7EC0 /* Base */ = {isa = PBXFileReference; lastKnownFileType = file.storyboard; name = Base; path = Base.lproj/Main.storyboard; sourceTree = "<group>"; };
		BD6445DD281ECE5F008E7EC0 /* Assets.xcassets */ = {isa = PBXFileReference; lastKnownFileType = folder.assetcatalog; path = Assets.xcassets; sourceTree = "<group>"; };
		BD6445E0281ECE5F008E7EC0 /* Base */ = {isa = PBXFileReference; lastKnownFileType = file.storyboard; name = Base; path = Base.lproj/LaunchScreen.storyboard; sourceTree = "<group>"; };
		BD6445E2281ECE5F008E7EC0 /* Info.plist */ = {isa = PBXFileReference; lastKnownFileType = text.plist.xml; path = Info.plist; sourceTree = "<group>"; };
		BD6445E9281ECE88008E7EC0 /* PersonMock.json */ = {isa = PBXFileReference; lastKnownFileType = text.json; path = PersonMock.json; sourceTree = "<group>"; };
		BD6445EB281ECEDB008E7EC0 /* PersonModel.swift */ = {isa = PBXFileReference; lastKnownFileType = sourcecode.swift; path = PersonModel.swift; sourceTree = "<group>"; };
		BD6445ED281ECF12008E7EC0 /* MockParser.swift */ = {isa = PBXFileReference; lastKnownFileType = sourcecode.swift; path = MockParser.swift; sourceTree = "<group>"; };
		BD6445F1281ECF86008E7EC0 /* ScheduleMock.json */ = {isa = PBXFileReference; lastKnownFileType = text.json; path = ScheduleMock.json; sourceTree = "<group>"; };
		BD6445F3281ECFB7008E7EC0 /* ScheduleModel.swift */ = {isa = PBXFileReference; lastKnownFileType = sourcecode.swift; path = ScheduleModel.swift; sourceTree = "<group>"; };
/* End PBXFileReference section */

/* Begin PBXFrameworksBuildPhase section */
		BD6445CE281ECE5E008E7EC0 /* Frameworks */ = {
			isa = PBXFrameworksBuildPhase;
			buildActionMask = 2147483647;
			files = (
			);
			runOnlyForDeploymentPostprocessing = 0;
		};
/* End PBXFrameworksBuildPhase section */

/* Begin PBXGroup section */
		BD6445C8281ECE5E008E7EC0 = {
			isa = PBXGroup;
			children = (
				BD6445E8281ECE7B008E7EC0 /* Mock */,
				BD6445D3281ECE5E008E7EC0 /* JSONMockingSample */,
				BD6445D2281ECE5E008E7EC0 /* Products */,
			);
			sourceTree = "<group>";
		};
		BD6445D2281ECE5E008E7EC0 /* Products */ = {
			isa = PBXGroup;
			children = (
				BD6445D1281ECE5E008E7EC0 /* JSONMockingSample.app */,
			);
			name = Products;
			sourceTree = "<group>";
		};
		BD6445D3281ECE5E008E7EC0 /* JSONMockingSample */ = {
			isa = PBXGroup;
			children = (
				BD6445F6281ED5B7008E7EC0 /* Application */,
				BD6445F5281ED11D008E7EC0 /* Model */,
				BD6445D8281ECE5E008E7EC0 /* ViewController.swift */,
				BD6445DA281ECE5E008E7EC0 /* Main.storyboard */,
				BD6445DD281ECE5F008E7EC0 /* Assets.xcassets */,
				BD6445DF281ECE5F008E7EC0 /* LaunchScreen.storyboard */,
				BD6445E2281ECE5F008E7EC0 /* Info.plist */,
			);
			path = JSONMockingSample;
			sourceTree = "<group>";
		};
		BD6445E8281ECE7B008E7EC0 /* Mock */ = {
			isa = PBXGroup;
			children = (
				BD6445ED281ECF12008E7EC0 /* MockParser.swift */,
				BD6445E9281ECE88008E7EC0 /* PersonMock.json */,
				BD6445F1281ECF86008E7EC0 /* ScheduleMock.json */,
			);
			path = Mock;
			sourceTree = "<group>";
		};
		BD6445F5281ED11D008E7EC0 /* Model */ = {
			isa = PBXGroup;
			children = (
				BD6445EB281ECEDB008E7EC0 /* PersonModel.swift */,
				BD6445F3281ECFB7008E7EC0 /* ScheduleModel.swift */,
			);
			path = Model;
			sourceTree = "<group>";
		};
		BD6445F6281ED5B7008E7EC0 /* Application */ = {
			isa = PBXGroup;
			children = (
				BD6445D4281ECE5E008E7EC0 /* AppDelegate.swift */,
				BD6445D6281ECE5E008E7EC0 /* SceneDelegate.swift */,
			);
			path = Application;
			sourceTree = "<group>";
		};
/* End PBXGroup section */

/* Begin PBXNativeTarget section */
		BD6445D0281ECE5E008E7EC0 /* JSONMockingSample */ = {
			isa = PBXNativeTarget;
			buildConfigurationList = BD6445E5281ECE5F008E7EC0 /* Build configuration list for PBXNativeTarget "JSONMockingSample" */;
			buildPhases = (
				BD6445CD281ECE5E008E7EC0 /* Sources */,
				BD6445CE281ECE5E008E7EC0 /* Frameworks */,
				BD6445CF281ECE5E008E7EC0 /* Resources */,
			);
			buildRules = (
			);
			dependencies = (
			);
			name = JSONMockingSample;
			productName = JSONMockingSample;
			productReference = BD6445D1281ECE5E008E7EC0 /* JSONMockingSample.app */;
			productType = "com.apple.product-type.application";
		};
/* End PBXNativeTarget section */

/* Begin PBXProject section */
		BD6445C9281ECE5E008E7EC0 /* Project object */ = {
			isa = PBXProject;
			attributes = {
				BuildIndependentTargetsInParallel = 1;
				LastSwiftUpdateCheck = 1320;
				LastUpgradeCheck = 1320;
				TargetAttributes = {
					BD6445D0281ECE5E008E7EC0 = {
						CreatedOnToolsVersion = 13.2.1;
					};
				};
			};
			buildConfigurationList = BD6445CC281ECE5E008E7EC0 /* Build configuration list for PBXProject "JSONMockingSample" */;
			compatibilityVersion = "Xcode 13.0";
			developmentRegion = en;
			hasScannedForEncodings = 0;
			knownRegions = (
				en,
				Base,
			);
			mainGroup = BD6445C8281ECE5E008E7EC0;
			productRefGroup = BD6445D2281ECE5E008E7EC0 /* Products */;
			projectDirPath = "";
			projectRoot = "";
			targets = (
				BD6445D0281ECE5E008E7EC0 /* JSONMockingSample */,
			);
		};
/* End PBXProject section */

/* Begin PBXResourcesBuildPhase section */
		BD6445CF281ECE5E008E7EC0 /* Resources */ = {
			isa = PBXResourcesBuildPhase;
			buildActionMask = 2147483647;
			files = (
				BD6445E1281ECE5F008E7EC0 /* LaunchScreen.storyboard in Resources */,
				BD6445DE281ECE5F008E7EC0 /* Assets.xcassets in Resources */,
				BD6445EA281ECE88008E7EC0 /* PersonMock.json in Resources */,
				BD6445F2281ECF86008E7EC0 /* ScheduleMock.json in Resources */,
				BD6445DC281ECE5E008E7EC0 /* Main.storyboard in Resources */,
			);
			runOnlyForDeploymentPostprocessing = 0;
		};
/* End PBXResourcesBuildPhase section */

/* Begin PBXSourcesBuildPhase section */
		BD6445CD281ECE5E008E7EC0 /* Sources */ = {
			isa = PBXSourcesBuildPhase;
			buildActionMask = 2147483647;
			files = (
				BD6445F4281ECFB7008E7EC0 /* ScheduleModel.swift in Sources */,
				BD6445EC281ECEDB008E7EC0 /* PersonModel.swift in Sources */,
				BD6445D9281ECE5E008E7EC0 /* ViewController.swift in Sources */,
				BD6445D5281ECE5E008E7EC0 /* AppDelegate.swift in Sources */,
				BD6445EE281ECF12008E7EC0 /* MockParser.swift in Sources */,
				BD6445D7281ECE5E008E7EC0 /* SceneDelegate.swift in Sources */,
			);
			runOnlyForDeploymentPostprocessing = 0;
		};
/* End PBXSourcesBuildPhase section */

/* Begin PBXVariantGroup section */
		BD6445DA281ECE5E008E7EC0 /* Main.storyboard */ = {
			isa = PBXVariantGroup;
			children = (
				BD6445DB281ECE5E008E7EC0 /* Base */,
			);
			name = Main.storyboard;
			sourceTree = "<group>";
		};
		BD6445DF281ECE5F008E7EC0 /* LaunchScreen.storyboard */ = {
			isa = PBXVariantGroup;
			children = (
				BD6445E0281ECE5F008E7EC0 /* Base */,
			);
			name = LaunchScreen.storyboard;
			sourceTree = "<group>";
		};
/* End PBXVariantGroup section */

/* Begin XCBuildConfiguration section */
		BD6445E3281ECE5F008E7EC0 /* Debug */ = {
			isa = XCBuildConfiguration;
			buildSettings = {
				ALWAYS_SEARCH_USER_PATHS = NO;
				CLANG_ANALYZER_NONNULL = YES;
				CLANG_ANALYZER_NUMBER_OBJECT_CONVERSION = YES_AGGRESSIVE;
				CLANG_CXX_LANGUAGE_STANDARD = "gnu++17";
				CLANG_CXX_LIBRARY = "libc++";
				CLANG_ENABLE_MODULES = YES;
				CLANG_ENABLE_OBJC_ARC = YES;
				CLANG_ENABLE_OBJC_WEAK = YES;
				CLANG_WARN_BLOCK_CAPTURE_AUTORELEASING = YES;
				CLANG_WARN_BOOL_CONVERSION = YES;
				CLANG_WARN_COMMA = YES;
				CLANG_WARN_CONSTANT_CONVERSION = YES;
				CLANG_WARN_DEPRECATED_OBJC_IMPLEMENTATIONS = YES;
				CLANG_WARN_DIRECT_OBJC_ISA_USAGE = YES_ERROR;
				CLANG_WARN_DOCUMENTATION_COMMENTS = YES;
				CLANG_WARN_EMPTY_BODY = YES;
				CLANG_WARN_ENUM_CONVERSION = YES;
				CLANG_WARN_INFINITE_RECURSION = YES;
				CLANG_WARN_INT_CONVERSION = YES;
				CLANG_WARN_NON_LITERAL_NULL_CONVERSION = YES;
				CLANG_WARN_OBJC_IMPLICIT_RETAIN_SELF = YES;
				CLANG_WARN_OBJC_LITERAL_CONVERSION = YES;
				CLANG_WARN_OBJC_ROOT_CLASS = YES_ERROR;
				CLANG_WARN_QUOTED_INCLUDE_IN_FRAMEWORK_HEADER = YES;
				CLANG_WARN_RANGE_LOOP_ANALYSIS = YES;
				CLANG_WARN_STRICT_PROTOTYPES = YES;
				CLANG_WARN_SUSPICIOUS_MOVE = YES;
				CLANG_WARN_UNGUARDED_AVAILABILITY = YES_AGGRESSIVE;
				CLANG_WARN_UNREACHABLE_CODE = YES;
				CLANG_WARN__DUPLICATE_METHOD_MATCH = YES;
				COPY_PHASE_STRIP = NO;
				DEBUG_INFORMATION_FORMAT = dwarf;
				ENABLE_STRICT_OBJC_MSGSEND = YES;
				ENABLE_TESTABILITY = YES;
				GCC_C_LANGUAGE_STANDARD = gnu11;
				GCC_DYNAMIC_NO_PIC = NO;
				GCC_NO_COMMON_BLOCKS = YES;
				GCC_OPTIMIZATION_LEVEL = 0;
				GCC_PREPROCESSOR_DEFINITIONS = (
					"DEBUG=1",
					"$(inherited)",
				);
				GCC_WARN_64_TO_32_BIT_CONVERSION = YES;
				GCC_WARN_ABOUT_RETURN_TYPE = YES_ERROR;
				GCC_WARN_UNDECLARED_SELECTOR = YES;
				GCC_WARN_UNINITIALIZED_AUTOS = YES_AGGRESSIVE;
				GCC_WARN_UNUSED_FUNCTION = YES;
				GCC_WARN_UNUSED_VARIABLE = YES;
				IPHONEOS_DEPLOYMENT_TARGET = 15.2;
				MTL_ENABLE_DEBUG_INFO = INCLUDE_SOURCE;
				MTL_FAST_MATH = YES;
				ONLY_ACTIVE_ARCH = YES;
				SDKROOT = iphoneos;
				SWIFT_ACTIVE_COMPILATION_CONDITIONS = DEBUG;
				SWIFT_OPTIMIZATION_LEVEL = "-Onone";
			};
			name = Debug;
		};
		BD6445E4281ECE5F008E7EC0 /* Release */ = {
			isa = XCBuildConfiguration;
			buildSettings = {
				ALWAYS_SEARCH_USER_PATHS = NO;
				CLANG_ANALYZER_NONNULL = YES;
				CLANG_ANALYZER_NUMBER_OBJECT_CONVERSION = YES_AGGRESSIVE;
				CLANG_CXX_LANGUAGE_STANDARD = "gnu++17";
				CLANG_CXX_LIBRARY = "libc++";
				CLANG_ENABLE_MODULES = YES;
				CLANG_ENABLE_OBJC_ARC = YES;
				CLANG_ENABLE_OBJC_WEAK = YES;
				CLANG_WARN_BLOCK_CAPTURE_AUTORELEASING = YES;
				CLANG_WARN_BOOL_CONVERSION = YES;
				CLANG_WARN_COMMA = YES;
				CLANG_WARN_CONSTANT_CONVERSION = YES;
				CLANG_WARN_DEPRECATED_OBJC_IMPLEMENTATIONS = YES;
				CLANG_WARN_DIRECT_OBJC_ISA_USAGE = YES_ERROR;
				CLANG_WARN_DOCUMENTATION_COMMENTS = YES;
				CLANG_WARN_EMPTY_BODY = YES;
				CLANG_WARN_ENUM_CONVERSION = YES;
				CLANG_WARN_INFINITE_RECURSION = YES;
				CLANG_WARN_INT_CONVERSION = YES;
				CLANG_WARN_NON_LITERAL_NULL_CONVERSION = YES;
				CLANG_WARN_OBJC_IMPLICIT_RETAIN_SELF = YES;
				CLANG_WARN_OBJC_LITERAL_CONVERSION = YES;
				CLANG_WARN_OBJC_ROOT_CLASS = YES_ERROR;
				CLANG_WARN_QUOTED_INCLUDE_IN_FRAMEWORK_HEADER = YES;
				CLANG_WARN_RANGE_LOOP_ANALYSIS = YES;
				CLANG_WARN_STRICT_PROTOTYPES = YES;
				CLANG_WARN_SUSPICIOUS_MOVE = YES;
				CLANG_WARN_UNGUARDED_AVAILABILITY = YES_AGGRESSIVE;
				CLANG_WARN_UNREACHABLE_CODE = YES;
				CLANG_WARN__DUPLICATE_METHOD_MATCH = YES;
				COPY_PHASE_STRIP = NO;
				DEBUG_INFORMATION_FORMAT = "dwarf-with-dsym";
				ENABLE_NS_ASSERTIONS = NO;
				ENABLE_STRICT_OBJC_MSGSEND = YES;
				GCC_C_LANGUAGE_STANDARD = gnu11;
				GCC_NO_COMMON_BLOCKS = YES;
				GCC_WARN_64_TO_32_BIT_CONVERSION = YES;
				GCC_WARN_ABOUT_RETURN_TYPE = YES_ERROR;
				GCC_WARN_UNDECLARED_SELECTOR = YES;
				GCC_WARN_UNINITIALIZED_AUTOS = YES_AGGRESSIVE;
				GCC_WARN_UNUSED_FUNCTION = YES;
				GCC_WARN_UNUSED_VARIABLE = YES;
				IPHONEOS_DEPLOYMENT_TARGET = 15.2;
				MTL_ENABLE_DEBUG_INFO = NO;
				MTL_FAST_MATH = YES;
				SDKROOT = iphoneos;
				SWIFT_COMPILATION_MODE = wholemodule;
				SWIFT_OPTIMIZATION_LEVEL = "-O";
				VALIDATE_PRODUCT = YES;
			};
			name = Release;
		};
		BD6445E6281ECE5F008E7EC0 /* Debug */ = {
			isa = XCBuildConfiguration;
			buildSettings = {
				ASSETCATALOG_COMPILER_APPICON_NAME = AppIcon;
				ASSETCATALOG_COMPILER_GLOBAL_ACCENT_COLOR_NAME = AccentColor;
				CODE_SIGN_STYLE = Automatic;
				CURRENT_PROJECT_VERSION = 1;
				DEVELOPMENT_TEAM = W7P3R7ZL78;
				GENERATE_INFOPLIST_FILE = YES;
				INFOPLIST_FILE = JSONMockingSample/Info.plist;
				INFOPLIST_KEY_UIApplicationSupportsIndirectInputEvents = YES;
				INFOPLIST_KEY_UILaunchStoryboardName = LaunchScreen;
				INFOPLIST_KEY_UIMainStoryboardFile = Main;
				INFOPLIST_KEY_UISupportedInterfaceOrientations_iPad = "UIInterfaceOrientationPortrait UIInterfaceOrientationPortraitUpsideDown UIInterfaceOrientationLandscapeLeft UIInterfaceOrientationLandscapeRight";
				INFOPLIST_KEY_UISupportedInterfaceOrientations_iPhone = "UIInterfaceOrientationPortrait UIInterfaceOrientationLandscapeLeft UIInterfaceOrientationLandscapeRight";
				LD_RUNPATH_SEARCH_PATHS = (
					"$(inherited)",
					"@executable_path/Frameworks",
				);
				MARKETING_VERSION = 1.0;
				PRODUCT_BUNDLE_IDENTIFIER = com.taekki.JSONMockingSample;
				PRODUCT_NAME = "$(TARGET_NAME)";
				SWIFT_EMIT_LOC_STRINGS = YES;
				SWIFT_VERSION = 5.0;
				TARGETED_DEVICE_FAMILY = "1,2";
			};
			name = Debug;
		};
		BD6445E7281ECE5F008E7EC0 /* Release */ = {
			isa = XCBuildConfiguration;
			buildSettings = {
				ASSETCATALOG_COMPILER_APPICON_NAME = AppIcon;
				ASSETCATALOG_COMPILER_GLOBAL_ACCENT_COLOR_NAME = AccentColor;
				CODE_SIGN_STYLE = Automatic;
				CURRENT_PROJECT_VERSION = 1;
				DEVELOPMENT_TEAM = W7P3R7ZL78;
				GENERATE_INFOPLIST_FILE = YES;
				INFOPLIST_FILE = JSONMockingSample/Info.plist;
				INFOPLIST_KEY_UIApplicationSupportsIndirectInputEvents = YES;
				INFOPLIST_KEY_UILaunchStoryboardName = LaunchScreen;
				INFOPLIST_KEY_UIMainStoryboardFile = Main;
				INFOPLIST_KEY_UISupportedInterfaceOrientations_iPad = "UIInterfaceOrientationPortrait UIInterfaceOrientationPortraitUpsideDown UIInterfaceOrientationLandscapeLeft UIInterfaceOrientationLandscapeRight";
				INFOPLIST_KEY_UISupportedInterfaceOrientations_iPhone = "UIInterfaceOrientationPortrait UIInterfaceOrientationLandscapeLeft UIInterfaceOrientationLandscapeRight";
				LD_RUNPATH_SEARCH_PATHS = (
					"$(inherited)",
					"@executable_path/Frameworks",
				);
				MARKETING_VERSION = 1.0;
				PRODUCT_BUNDLE_IDENTIFIER = com.taekki.JSONMockingSample;
				PRODUCT_NAME = "$(TARGET_NAME)";
				SWIFT_EMIT_LOC_STRINGS = YES;
				SWIFT_VERSION = 5.0;
				TARGETED_DEVICE_FAMILY = "1,2";
			};
			name = Release;
		};
/* End XCBuildConfiguration section */

/* Begin XCConfigurationList section */
		BD6445CC281ECE5E008E7EC0 /* Build configuration list for PBXProject "JSONMockingSample" */ = {
			isa = XCConfigurationList;
			buildConfigurations = (
				BD6445E3281ECE5F008E7EC0 /* Debug */,
				BD6445E4281ECE5F008E7EC0 /* Release */,
			);
			defaultConfigurationIsVisible = 0;
			defaultConfigurationName = Release;
		};
		BD6445E5281ECE5F008E7EC0 /* Build configuration list for PBXNativeTarget "JSONMockingSample" */ = {
			isa = XCConfigurationList;
			buildConfigurations = (
				BD6445E6281ECE5F008E7EC0 /* Debug */,
				BD6445E7281ECE5F008E7EC0 /* Release */,
			);
			defaultConfigurationIsVisible = 0;
			defaultConfigurationName = Release;
		};
/* End XCConfigurationList section */
	};
	rootObject = BD6445C9281ECE5E008E7EC0 /* Project object */;
}
